
Microsoft Visual Studio Solution File, Format Version 12.00
# Visual Studio 2013
VisualStudioVersion = 12.0.21005.1
MinimumVisualStudioVersion = 10.0.40219.1
Project("{FAE04EC0-301F-11D3-BF4B-00C04F79EFBC}") = "Cookingfan", "Cookingfan\Cookingfan.csproj", "{6B6EFDB0-9F12-413C-AA31-6A765601FC1D}"
EndProject
Project("{FAE04EC0-301F-11D3-BF4B-00C04F79EFBC}") = "CookingfanWeb", "CookingfanWeb\CookingfanWeb.csproj", "{5CD933BC-0BAD-4B13-97BE-C0AFF7011B93}"
EndProject
Global
	GlobalSection(SolutionConfigurationPlatforms) = preSolution
		Debug|Any CPU = Debug|Any CPU
		Release|Any CPU = Release|Any CPU
	EndGlobalSection
	GlobalSection(ProjectConfigurationPlatforms) = postSolution
		{6B6EFDB0-9F12-413C-AA31-6A765601FC1D}.Debug|Any CPU.ActiveCfg = Debug|Any CPU
		{6B6EFDB0-9F12-413C-AA31-6A765601FC1D}.Debug|Any CPU.Build.0 = Debug|Any CPU
		{6B6EFDB0-9F12-413C-AA31-6A765601FC1D}.Debug|Any CPU.Deploy.0 = Debug|Any CPU
		{6B6EFDB0-9F12-413C-AA31-6A765601FC1D}.Release|Any CPU.ActiveCfg = Release|Any CPU
		{6B6EFDB0-9F12-413C-AA31-6A765601FC1D}.Release|Any CPU.Build.0 = Release|Any CPU
		{6B6EFDB0-9F12-413C-AA31-6A765601FC1D}.Release|Any CPU.Deploy.0 = Release|Any CPU
		{5CD933BC-0BAD-4B13-97BE-C0AFF7011B93}.Debug|Any CPU.ActiveCfg = Debug|Any CPU
		{5CD933BC-0BAD-4B13-97BE-C0AFF7011B93}.Debug|Any CPU.Build.0 = Debug|Any CPU
		{5CD933BC-0BAD-4B13-97BE-C0AFF7011B93}.Release|Any CPU.ActiveCfg = Release|Any CPU
		{5CD933BC-0BAD-4B13-97BE-C0AFF7011B93}.Release|Any CPU.Build.0 = Release|Any CPU
	EndGlobalSection
	GlobalSection(SolutionProperties) = preSolution
		HideSolutionNode = FALSE
	EndGlobalSection
EndGlobal
